
Microsoft Visual Studio Solution File, Format Version 12.00
# Visual Studio Version 16
VisualStudioVersion = 16.0.28803.452
MinimumVisualStudioVersion = 10.0.40219.1
Project("{FAE04EC0-301F-11D3-BF4B-00C04F79EFBC}") = "FONZY", "FONZY.csproj", "{77D0C3DA-6234-4081-9304-147CC7EE9E41}"
EndProject
Global
	GlobalSection(SolutionConfigurationPlatforms) = preSolution
		Debug|Any CPU = Debug|Any CPU
		Release|Any CPU = Release|Any CPU
	EndGlobalSection
	GlobalSection(ProjectConfigurationPlatforms) = postSolution
		{77D0C3DA-6234-4081-9304-147CC7EE9E41}.Debug|Any CPU.ActiveCfg = Debug|Any CPU
		{77D0C3DA-6234-4081-9304-147CC7EE9E41}.Debug|Any CPU.Build.0 = Debug|Any CPU
		{77D0C3DA-6234-4081-9304-147CC7EE9E41}.Release|Any CPU.ActiveCfg = Release|Any CPU
		{77D0C3DA-6234-4081-9304-147CC7EE9E41}.Release|Any CPU.Build.0 = Release|Any CPU
	EndGlobalSection
	GlobalSection(SolutionProperties) = preSolution
		HideSolutionNode = FALSE
	EndGlobalSection
	GlobalSection(ExtensibilityGlobals) = postSolution
		SolutionGuid = {1B6DB5E8-E04A-4BAC-B6F1-9582C4A54699}
	EndGlobalSection
EndGlobal
